
Microsoft Visual Studio Solution File, Format Version 12.00
# Visual Studio Version 17
VisualStudioVersion = 17.4.33205.214
MinimumVisualStudioVersion = 10.0.40219.1
Project("{FAE04EC0-301F-11D3-BF4B-00C04F79EFBC}") = "demo17", "demo17\demo17.csproj", "{AB5925F6-9881-4DBC-B59F-69A9AA1863EA}"
EndProject
Global
	GlobalSection(SolutionConfigurationPlatforms) = preSolution
		Debug|Any CPU = Debug|Any CPU
		Release|Any CPU = Release|Any CPU
	EndGlobalSection
	GlobalSection(ProjectConfigurationPlatforms) = postSolution
		{AB5925F6-9881-4DBC-B59F-69A9AA1863EA}.Debug|Any CPU.ActiveCfg = Debug|Any CPU
		{AB5925F6-9881-4DBC-B59F-69A9AA1863EA}.Debug|Any CPU.Build.0 = Debug|Any CPU
		{AB5925F6-9881-4DBC-B59F-69A9AA1863EA}.Release|Any CPU.ActiveCfg = Release|Any CPU
		{AB5925F6-9881-4DBC-B59F-69A9AA1863EA}.Release|Any CPU.Build.0 = Release|Any CPU
	EndGlobalSection
	GlobalSection(SolutionProperties) = preSolution
		HideSolutionNode = FALSE
	EndGlobalSection
	GlobalSection(ExtensibilityGlobals) = postSolution
		SolutionGuid = {D7699423-777A-4F11-BCA9-1E934E119DF1}
	EndGlobalSection
EndGlobal
